
Microsoft Visual Studio Solution File, Format Version 12.00
Project("{FAE04EC0-301F-11D3-BF4B-00C04F79EFBC}") = "sdl3", "sdl3.csproj", "{B68F7DED-B7BD-405E-84D5-C4185CCA4E52}"
EndProject
Global
	GlobalSection(SolutionConfigurationPlatforms) = preSolution
		Debug|Any CPU = Debug|Any CPU
		Release|Any CPU = Release|Any CPU
	EndGlobalSection
	GlobalSection(ProjectConfigurationPlatforms) = postSolution
		{B68F7DED-B7BD-405E-84D5-C4185CCA4E52}.Debug|Any CPU.ActiveCfg = Debug|Any CPU
		{B68F7DED-B7BD-405E-84D5-C4185CCA4E52}.Debug|Any CPU.Build.0 = Debug|Any CPU
		{B68F7DED-B7BD-405E-84D5-C4185CCA4E52}.Release|Any CPU.ActiveCfg = Release|Any CPU
		{B68F7DED-B7BD-405E-84D5-C4185CCA4E52}.Release|Any CPU.Build.0 = Release|Any CPU
	EndGlobalSection
EndGlobal
